
Microsoft Visual Studio Solution File, Format Version 12.00
# Visual Studio Version 17
VisualStudioVersion = 17.3.32922.545
MinimumVisualStudioVersion = 10.0.40219.1
Project("{FAE04EC0-301F-11D3-BF4B-00C04F79EFBC}") = "KeLi.HelloBouncyCastle", "KeLi.HelloBouncyCastle\KeLi.HelloBouncyCastle.csproj", "{6050C685-E88B-4D81-B1BD-B191F16D125C}"
EndProject
Global
	GlobalSection(SolutionConfigurationPlatforms) = preSolution
		Debug|Any CPU = Debug|Any CPU
		Release|Any CPU = Release|Any CPU
	EndGlobalSection
	GlobalSection(ProjectConfigurationPlatforms) = postSolution
		{6050C685-E88B-4D81-B1BD-B191F16D125C}.Debug|Any CPU.ActiveCfg = Debug|Any CPU
		{6050C685-E88B-4D81-B1BD-B191F16D125C}.Debug|Any CPU.Build.0 = Debug|Any CPU
		{6050C685-E88B-4D81-B1BD-B191F16D125C}.Release|Any CPU.ActiveCfg = Release|Any CPU
		{6050C685-E88B-4D81-B1BD-B191F16D125C}.Release|Any CPU.Build.0 = Release|Any CPU
	EndGlobalSection
	GlobalSection(SolutionProperties) = preSolution
		HideSolutionNode = FALSE
	EndGlobalSection
	GlobalSection(ExtensibilityGlobals) = postSolution
		SolutionGuid = {FF0B9836-770D-4C32-A5C3-C1469A866DD6}
	EndGlobalSection
EndGlobal
